// !$*UTF8*$!
{
	archiveVersion = 1;
	classes = {
	};
	objectVersion = 50;
	objects = {

/* Begin PBXBuildFile section */
		3032BDD422F92755009E325A /* LipstickRepository.swift in Sources */ = {isa = PBXBuildFile; fileRef = 3032BDD322F92755009E325A /* LipstickRepository.swift */; };
		30424ACD22990B97005D2E2C /* PreviewMaskLayer.swift in Sources */ = {isa = PBXBuildFile; fileRef = 30424ACC22990B97005D2E2C /* PreviewMaskLayer.swift */; };
		304CFB6B2284243C00AB8B0A /* GoogleService-Info.plist in Resources */ = {isa = PBXBuildFile; fileRef = 304CFB6A2284243C00AB8B0A /* GoogleService-Info.plist */; };
		304CFB6D228425D700AB8B0A /* UIImageViewHelper.swift in Sources */ = {isa = PBXBuildFile; fileRef = 304CFB6C228425D700AB8B0A /* UIImageViewHelper.swift */; };
		305477CF229A57CC009E4090 /* UITextFieldHelper.swift in Sources */ = {isa = PBXBuildFile; fileRef = 305477CE229A57CC009E4090 /* UITextFieldHelper.swift */; };
		305C5CA222F93C34003725C8 /* UserRepository.swift in Sources */ = {isa = PBXBuildFile; fileRef = 305C5CA122F93C34003725C8 /* UserRepository.swift */; };
		30694E40226B4BE20091C698 /* StringHelper.swift in Sources */ = {isa = PBXBuildFile; fileRef = 30694E3F226B4BE20091C698 /* StringHelper.swift */; };
		3071185722FC188300E25AF4 /* TrendListViewController.swift in Sources */ = {isa = PBXBuildFile; fileRef = 3071185622FC188300E25AF4 /* TrendListViewController.swift */; };
		3071185922FC1BAC00E25AF4 /* TrendGroupCollectionViewCell.swift in Sources */ = {isa = PBXBuildFile; fileRef = 3071185822FC1BAC00E25AF4 /* TrendGroupCollectionViewCell.swift */; };
		3071C13222573B560056EE74 /* UIColorHelper.swift in Sources */ = {isa = PBXBuildFile; fileRef = 3071C13122573B560056EE74 /* UIColorHelper.swift */; };
		3071C13422573BFE0056EE74 /* UIViewHelper.swift in Sources */ = {isa = PBXBuildFile; fileRef = 3071C13322573BFE0056EE74 /* UIViewHelper.swift */; };
		3073907D227C2766003B9013 /* TriangleView.swift in Sources */ = {isa = PBXBuildFile; fileRef = 3073907C227C2766003B9013 /* TriangleView.swift */; };
		308883C32276B11100CFE4D8 /* UIScrollViewHelper.swift in Sources */ = {isa = PBXBuildFile; fileRef = 308883C22276B11100CFE4D8 /* UIScrollViewHelper.swift */; };
		30A532C72255AAF800205429 /* UIImageHelper.swift in Sources */ = {isa = PBXBuildFile; fileRef = 30A532C62255AAF800205429 /* UIImageHelper.swift */; };
		30A889DA227196C600D00FCC /* Notification.swift in Sources */ = {isa = PBXBuildFile; fileRef = 30A889D9227196C600D00FCC /* Notification.swift */; };
		30A889DE2271A7CC00D00FCC /* HttpRequest.swift in Sources */ = {isa = PBXBuildFile; fileRef = 30A889DD2271A7CC00D00FCC /* HttpRequest.swift */; };
		30B36E85221A6DDC001FD8EF /* AppDelegate.swift in Sources */ = {isa = PBXBuildFile; fileRef = 30B36E84221A6DDC001FD8EF /* AppDelegate.swift */; };
		30B36E87221A6DDC001FD8EF /* LipstickListViewController.swift in Sources */ = {isa = PBXBuildFile; fileRef = 30B36E86221A6DDC001FD8EF /* LipstickListViewController.swift */; };
		30B36E8A221A6DDC001FD8EF /* Main.storyboard in Resources */ = {isa = PBXBuildFile; fileRef = 30B36E88221A6DDC001FD8EF /* Main.storyboard */; };
		30B36E8F221A6DDD001FD8EF /* LaunchScreen.storyboard in Resources */ = {isa = PBXBuildFile; fileRef = 30B36E8D221A6DDD001FD8EF /* LaunchScreen.storyboard */; };
		30B966F0224E06DE00258CA6 /* LipColorDetectionController.swift in Sources */ = {isa = PBXBuildFile; fileRef = 30B966EF224E06DE00258CA6 /* LipColorDetectionController.swift */; };
		30B966F2224E06F700258CA6 /* FaceDetection.swift in Sources */ = {isa = PBXBuildFile; fileRef = 30B966F1224E06F700258CA6 /* FaceDetection.swift */; };
		30C78E982299B91D0032A965 /* UIUtilityHelper.swift in Sources */ = {isa = PBXBuildFile; fileRef = 30C78E972299B91D0032A965 /* UIUtilityHelper.swift */; };
		30CAE25822FBDA38004513C1 /* TrendRepository.swift in Sources */ = {isa = PBXBuildFile; fileRef = 30CAE25722FBDA38004513C1 /* TrendRepository.swift */; };
		699EA1405C6A1EE0FCF54AB9 /* Pods_lipster_mobile.framework in Frameworks */ = {isa = PBXBuildFile; fileRef = 77242E26FBCCCC2B2F27A3A2 /* Pods_lipster_mobile.framework */; };
		D81A79A3226B010400D1F208 /* TrendDetailViewController.swift in Sources */ = {isa = PBXBuildFile; fileRef = D81A79A2226B010400D1F208 /* TrendDetailViewController.swift */; };
		D81C6B5D22722D4E009D05FD /* LoginViewController.swift in Sources */ = {isa = PBXBuildFile; fileRef = D81C6B5C22722D4E009D05FD /* LoginViewController.swift */; };
		D81C6B5F227245C0009D05FD /* Assets.xcassets in Resources */ = {isa = PBXBuildFile; fileRef = D81C6B5E227245BE009D05FD /* Assets.xcassets */; };
		D81CCE55228592F30028C19A /* NearByViewController.swift in Sources */ = {isa = PBXBuildFile; fileRef = D81CCE54228592F30028C19A /* NearByViewController.swift */; };
		D81CCE572285D8BB0028C19A /* NotificationViewController.swift in Sources */ = {isa = PBXBuildFile; fileRef = D81CCE562285D8BB0028C19A /* NotificationViewController.swift */; };
		D81CCE592285DA4D0028C19A /* NotificationTableViewCell.swift in Sources */ = {isa = PBXBuildFile; fileRef = D81CCE582285DA4D0028C19A /* NotificationTableViewCell.swift */; };
		D81CCE5B2285EBB50028C19A /* EditProfileViewController.swift in Sources */ = {isa = PBXBuildFile; fileRef = D81CCE5A2285EBB50028C19A /* EditProfileViewController.swift */; };
		D81CCE5D2285ED2C0028C19A /* ProfileTableViewCell.swift in Sources */ = {isa = PBXBuildFile; fileRef = D81CCE5C2285ED2C0028C19A /* ProfileTableViewCell.swift */; };
		D81CCE5F2285F1B80028C19A /* ProfileDetailsViewController.swift in Sources */ = {isa = PBXBuildFile; fileRef = D81CCE5E2285F1B80028C19A /* ProfileDetailsViewController.swift */; };
		D81CCE612285FA1D0028C19A /* EditProfileImageView.swift in Sources */ = {isa = PBXBuildFile; fileRef = D81CCE602285FA1D0028C19A /* EditProfileImageView.swift */; };
		D8224AC9225C881600B7E403 /* LipstickDetailSegmentVC.swift in Sources */ = {isa = PBXBuildFile; fileRef = D8224AC8225C881600B7E403 /* LipstickDetailSegmentVC.swift */; };
		D82675AD2253BE15001D8CB5 /* UserReview.swift in Sources */ = {isa = PBXBuildFile; fileRef = D82675AC2253BE15001D8CB5 /* UserReview.swift */; };
		D82675AF2253BE74001D8CB5 /* UserReviewTableViewCell.swift in Sources */ = {isa = PBXBuildFile; fileRef = D82675AE2253BE74001D8CB5 /* UserReviewTableViewCell.swift */; };
		D83EFDEB22F9614400DAFC8B /* ProfileViewController.swift in Sources */ = {isa = PBXBuildFile; fileRef = D83EFDEA22F9614400DAFC8B /* ProfileViewController.swift */; };
		D8BA31BB224B898F00CD24A4 /* TabBarController.swift in Sources */ = {isa = PBXBuildFile; fileRef = D8BA31BA224B898F00CD24A4 /* TabBarController.swift */; };
		D8D45F8A2242789400405AE7 /* Lipstick.swift in Sources */ = {isa = PBXBuildFile; fileRef = D8D45F892242789400405AE7 /* Lipstick.swift */; };
		D8D45F8C224278B900405AE7 /* LipstickListTableViewCell.swift in Sources */ = {isa = PBXBuildFile; fileRef = D8D45F8B224278B900405AE7 /* LipstickListTableViewCell.swift */; };
		D8E48D89226CC2C300A192EB /* Trend.swift in Sources */ = {isa = PBXBuildFile; fileRef = D8E48D88226CC2C300A192EB /* Trend.swift */; };
		D8E48D8F226DCE9300A192EB /* TrendGroup.swift in Sources */ = {isa = PBXBuildFile; fileRef = D8E48D8E226DCE9300A192EB /* TrendGroup.swift */; };
		D8E48D93226DD7C600A192EB /* TrendGroupTableViewCell.swift in Sources */ = {isa = PBXBuildFile; fileRef = D8E48D92226DD7C600A192EB /* TrendGroupTableViewCell.swift */; };
		D8E48D95226DE0A200A192EB /* TrendImageCollectionViewCell.swift in Sources */ = {isa = PBXBuildFile; fileRef = D8E48D94226DE0A200A192EB /* TrendImageCollectionViewCell.swift */; };
		D8E48D97226E0DA200A192EB /* SelectColorFromDetailCollectionViewCell.swift in Sources */ = {isa = PBXBuildFile; fileRef = D8E48D96226E0DA200A192EB /* SelectColorFromDetailCollectionViewCell.swift */; };
		D8EA969B226986A80060B78A /* HomeViewController.swift in Sources */ = {isa = PBXBuildFile; fileRef = D8EA969A226986A80060B78A /* HomeViewController.swift */; };
		D8EA96A32269C5120060B78A /* TrendHomeCollectionViewCell.swift in Sources */ = {isa = PBXBuildFile; fileRef = D8EA96A22269C5120060B78A /* TrendHomeCollectionViewCell.swift */; };
		D8EA96A72269E6300060B78A /* RecHomeCollectionViewCell.swift in Sources */ = {isa = PBXBuildFile; fileRef = D8EA96A62269E6300060B78A /* RecHomeCollectionViewCell.swift */; };
		D8EA96A9226AE2AC0060B78A /* RecentlyViewHomeCollectionViewCell.swift in Sources */ = {isa = PBXBuildFile; fileRef = D8EA96A8226AE2AC0060B78A /* RecentlyViewHomeCollectionViewCell.swift */; };
		D8EB4F3C22677DC200CF9827 /* LipSelectedColorCollectionViewCell.swift in Sources */ = {isa = PBXBuildFile; fileRef = D8EB4F3B22677DC100CF9827 /* LipSelectedColorCollectionViewCell.swift */; };
		D8EB4F3E22677FCD00CF9827 /* TryMeViewController.swift in Sources */ = {isa = PBXBuildFile; fileRef = D8EB4F3D22677FCD00CF9827 /* TryMeViewController.swift */; };
/* End PBXBuildFile section */

/* Begin PBXCopyFilesBuildPhase section */
		30B96714224E205100258CA6 /* Embed Frameworks */ = {
			isa = PBXCopyFilesBuildPhase;
			buildActionMask = 2147483647;
			dstPath = "";
			dstSubfolderSpec = 10;
			files = (
			);
			name = "Embed Frameworks";
			runOnlyForDeploymentPostprocessing = 0;
		};
/* End PBXCopyFilesBuildPhase section */

/* Begin PBXFileReference section */
		1380FF51DF891F687AA58B22 /* Pods-lipster-mobile.release.xcconfig */ = {isa = PBXFileReference; includeInIndex = 1; lastKnownFileType = text.xcconfig; name = "Pods-lipster-mobile.release.xcconfig"; path = "Target Support Files/Pods-lipster-mobile/Pods-lipster-mobile.release.xcconfig"; sourceTree = "<group>"; };
		3032BDD322F92755009E325A /* LipstickRepository.swift */ = {isa = PBXFileReference; lastKnownFileType = sourcecode.swift; path = LipstickRepository.swift; sourceTree = "<group>"; };
		30424ACC22990B97005D2E2C /* PreviewMaskLayer.swift */ = {isa = PBXFileReference; lastKnownFileType = sourcecode.swift; path = PreviewMaskLayer.swift; sourceTree = "<group>"; };
		304CFB6A2284243C00AB8B0A /* GoogleService-Info.plist */ = {isa = PBXFileReference; fileEncoding = 4; lastKnownFileType = text.plist.xml; path = "GoogleService-Info.plist"; sourceTree = "<group>"; };
		304CFB6C228425D700AB8B0A /* UIImageViewHelper.swift */ = {isa = PBXFileReference; lastKnownFileType = sourcecode.swift; path = UIImageViewHelper.swift; sourceTree = "<group>"; };
		305477CE229A57CC009E4090 /* UITextFieldHelper.swift */ = {isa = PBXFileReference; lastKnownFileType = sourcecode.swift; path = UITextFieldHelper.swift; sourceTree = "<group>"; };
		305C5CA122F93C34003725C8 /* UserRepository.swift */ = {isa = PBXFileReference; lastKnownFileType = sourcecode.swift; path = UserRepository.swift; sourceTree = "<group>"; };
		30694E3F226B4BE20091C698 /* StringHelper.swift */ = {isa = PBXFileReference; lastKnownFileType = sourcecode.swift; path = StringHelper.swift; sourceTree = "<group>"; };
		3071185622FC188300E25AF4 /* TrendListViewController.swift */ = {isa = PBXFileReference; lastKnownFileType = sourcecode.swift; name = TrendListViewController.swift; path = "lipster-mobile/Controller/TrendListViewController.swift"; sourceTree = SOURCE_ROOT; };
		3071185822FC1BAC00E25AF4 /* TrendGroupCollectionViewCell.swift */ = {isa = PBXFileReference; lastKnownFileType = sourcecode.swift; path = TrendGroupCollectionViewCell.swift; sourceTree = "<group>"; };
		3071C13122573B560056EE74 /* UIColorHelper.swift */ = {isa = PBXFileReference; lastKnownFileType = sourcecode.swift; path = UIColorHelper.swift; sourceTree = "<group>"; };
		3071C13322573BFE0056EE74 /* UIViewHelper.swift */ = {isa = PBXFileReference; lastKnownFileType = sourcecode.swift; path = UIViewHelper.swift; sourceTree = "<group>"; };
		3073907C227C2766003B9013 /* TriangleView.swift */ = {isa = PBXFileReference; lastKnownFileType = sourcecode.swift; path = TriangleView.swift; sourceTree = "<group>"; };
		308883C22276B11100CFE4D8 /* UIScrollViewHelper.swift */ = {isa = PBXFileReference; lastKnownFileType = sourcecode.swift; path = UIScrollViewHelper.swift; sourceTree = "<group>"; };
		30A532C62255AAF800205429 /* UIImageHelper.swift */ = {isa = PBXFileReference; lastKnownFileType = sourcecode.swift; path = UIImageHelper.swift; sourceTree = "<group>"; };
		30A889D9227196C600D00FCC /* Notification.swift */ = {isa = PBXFileReference; lastKnownFileType = sourcecode.swift; path = Notification.swift; sourceTree = "<group>"; };
		30A889DD2271A7CC00D00FCC /* HttpRequest.swift */ = {isa = PBXFileReference; lastKnownFileType = sourcecode.swift; path = HttpRequest.swift; sourceTree = "<group>"; };
		30B36E81221A6DDC001FD8EF /* lipster-mobile.app */ = {isa = PBXFileReference; explicitFileType = wrapper.application; includeInIndex = 0; path = "lipster-mobile.app"; sourceTree = BUILT_PRODUCTS_DIR; };
		30B36E84221A6DDC001FD8EF /* AppDelegate.swift */ = {isa = PBXFileReference; lastKnownFileType = sourcecode.swift; path = AppDelegate.swift; sourceTree = "<group>"; };
		30B36E86221A6DDC001FD8EF /* LipstickListViewController.swift */ = {isa = PBXFileReference; lastKnownFileType = sourcecode.swift; path = LipstickListViewController.swift; sourceTree = "<group>"; };
		30B36E89221A6DDC001FD8EF /* Base */ = {isa = PBXFileReference; lastKnownFileType = file.storyboard; name = Base; path = Base.lproj/Main.storyboard; sourceTree = "<group>"; };
		30B36E8E221A6DDD001FD8EF /* Base */ = {isa = PBXFileReference; lastKnownFileType = file.storyboard; name = Base; path = Base.lproj/LaunchScreen.storyboard; sourceTree = "<group>"; };
		30B36E90221A6DDD001FD8EF /* Info.plist */ = {isa = PBXFileReference; lastKnownFileType = text.plist.xml; path = Info.plist; sourceTree = "<group>"; };
		30B966EF224E06DE00258CA6 /* LipColorDetectionController.swift */ = {isa = PBXFileReference; lastKnownFileType = sourcecode.swift; name = LipColorDetectionController.swift; path = "lipster-mobile/Controller/LipColorDetectionController.swift"; sourceTree = SOURCE_ROOT; };
		30B966F1224E06F700258CA6 /* FaceDetection.swift */ = {isa = PBXFileReference; lastKnownFileType = sourcecode.swift; path = FaceDetection.swift; sourceTree = "<group>"; };
		30C78E972299B91D0032A965 /* UIUtilityHelper.swift */ = {isa = PBXFileReference; lastKnownFileType = sourcecode.swift; path = UIUtilityHelper.swift; sourceTree = "<group>"; };
		30CAE25722FBDA38004513C1 /* TrendRepository.swift */ = {isa = PBXFileReference; lastKnownFileType = sourcecode.swift; path = TrendRepository.swift; sourceTree = "<group>"; };
		77242E26FBCCCC2B2F27A3A2 /* Pods_lipster_mobile.framework */ = {isa = PBXFileReference; explicitFileType = wrapper.framework; includeInIndex = 0; path = Pods_lipster_mobile.framework; sourceTree = BUILT_PRODUCTS_DIR; };
		D81A79A2226B010400D1F208 /* TrendDetailViewController.swift */ = {isa = PBXFileReference; lastKnownFileType = sourcecode.swift; path = TrendDetailViewController.swift; sourceTree = "<group>"; };
		D81C6B5C22722D4E009D05FD /* LoginViewController.swift */ = {isa = PBXFileReference; lastKnownFileType = sourcecode.swift; path = LoginViewController.swift; sourceTree = "<group>"; };
		D81C6B5E227245BE009D05FD /* Assets.xcassets */ = {isa = PBXFileReference; lastKnownFileType = folder.assetcatalog; path = Assets.xcassets; sourceTree = "<group>"; };
		D81CCE54228592F30028C19A /* NearByViewController.swift */ = {isa = PBXFileReference; lastKnownFileType = sourcecode.swift; path = NearByViewController.swift; sourceTree = "<group>"; };
		D81CCE562285D8BB0028C19A /* NotificationViewController.swift */ = {isa = PBXFileReference; lastKnownFileType = sourcecode.swift; path = NotificationViewController.swift; sourceTree = "<group>"; };
		D81CCE582285DA4D0028C19A /* NotificationTableViewCell.swift */ = {isa = PBXFileReference; lastKnownFileType = sourcecode.swift; path = NotificationTableViewCell.swift; sourceTree = "<group>"; };
		D81CCE5A2285EBB50028C19A /* EditProfileViewController.swift */ = {isa = PBXFileReference; lastKnownFileType = sourcecode.swift; path = EditProfileViewController.swift; sourceTree = "<group>"; };
		D81CCE5C2285ED2C0028C19A /* ProfileTableViewCell.swift */ = {isa = PBXFileReference; lastKnownFileType = sourcecode.swift; path = ProfileTableViewCell.swift; sourceTree = "<group>"; };
		D81CCE5E2285F1B80028C19A /* ProfileDetailsViewController.swift */ = {isa = PBXFileReference; lastKnownFileType = sourcecode.swift; path = ProfileDetailsViewController.swift; sourceTree = "<group>"; };
		D81CCE602285FA1D0028C19A /* EditProfileImageView.swift */ = {isa = PBXFileReference; lastKnownFileType = sourcecode.swift; path = EditProfileImageView.swift; sourceTree = "<group>"; };
		D8224AC8225C881600B7E403 /* LipstickDetailSegmentVC.swift */ = {isa = PBXFileReference; lastKnownFileType = sourcecode.swift; path = LipstickDetailSegmentVC.swift; sourceTree = "<group>"; };
		D82675AC2253BE15001D8CB5 /* UserReview.swift */ = {isa = PBXFileReference; lastKnownFileType = sourcecode.swift; path = UserReview.swift; sourceTree = "<group>"; };
		D82675AE2253BE74001D8CB5 /* UserReviewTableViewCell.swift */ = {isa = PBXFileReference; lastKnownFileType = sourcecode.swift; path = UserReviewTableViewCell.swift; sourceTree = "<group>"; };
		D83EFDEA22F9614400DAFC8B /* ProfileViewController.swift */ = {isa = PBXFileReference; lastKnownFileType = sourcecode.swift; path = ProfileViewController.swift; sourceTree = "<group>"; };
		D8BA31BA224B898F00CD24A4 /* TabBarController.swift */ = {isa = PBXFileReference; lastKnownFileType = sourcecode.swift; path = TabBarController.swift; sourceTree = "<group>"; };
		D8D45F892242789400405AE7 /* Lipstick.swift */ = {isa = PBXFileReference; lastKnownFileType = sourcecode.swift; path = Lipstick.swift; sourceTree = "<group>"; };
		D8D45F8B224278B900405AE7 /* LipstickListTableViewCell.swift */ = {isa = PBXFileReference; lastKnownFileType = sourcecode.swift; path = LipstickListTableViewCell.swift; sourceTree = "<group>"; };
		D8E48D88226CC2C300A192EB /* Trend.swift */ = {isa = PBXFileReference; lastKnownFileType = sourcecode.swift; path = Trend.swift; sourceTree = "<group>"; };
		D8E48D8E226DCE9300A192EB /* TrendGroup.swift */ = {isa = PBXFileReference; lastKnownFileType = sourcecode.swift; path = TrendGroup.swift; sourceTree = "<group>"; };
		D8E48D92226DD7C600A192EB /* TrendGroupTableViewCell.swift */ = {isa = PBXFileReference; lastKnownFileType = sourcecode.swift; path = TrendGroupTableViewCell.swift; sourceTree = "<group>"; };
		D8E48D94226DE0A200A192EB /* TrendImageCollectionViewCell.swift */ = {isa = PBXFileReference; lastKnownFileType = sourcecode.swift; path = TrendImageCollectionViewCell.swift; sourceTree = "<group>"; };
		D8E48D96226E0DA200A192EB /* SelectColorFromDetailCollectionViewCell.swift */ = {isa = PBXFileReference; lastKnownFileType = sourcecode.swift; path = SelectColorFromDetailCollectionViewCell.swift; sourceTree = "<group>"; };
		D8EA969A226986A80060B78A /* HomeViewController.swift */ = {isa = PBXFileReference; lastKnownFileType = sourcecode.swift; path = HomeViewController.swift; sourceTree = "<group>"; };
		D8EA96A22269C5120060B78A /* TrendHomeCollectionViewCell.swift */ = {isa = PBXFileReference; lastKnownFileType = sourcecode.swift; path = TrendHomeCollectionViewCell.swift; sourceTree = "<group>"; };
		D8EA96A62269E6300060B78A /* RecHomeCollectionViewCell.swift */ = {isa = PBXFileReference; lastKnownFileType = sourcecode.swift; path = RecHomeCollectionViewCell.swift; sourceTree = "<group>"; };
		D8EA96A8226AE2AC0060B78A /* RecentlyViewHomeCollectionViewCell.swift */ = {isa = PBXFileReference; lastKnownFileType = sourcecode.swift; path = RecentlyViewHomeCollectionViewCell.swift; sourceTree = "<group>"; };
		D8EB4F3B22677DC100CF9827 /* LipSelectedColorCollectionViewCell.swift */ = {isa = PBXFileReference; lastKnownFileType = sourcecode.swift; path = LipSelectedColorCollectionViewCell.swift; sourceTree = "<group>"; };
		D8EB4F3D22677FCD00CF9827 /* TryMeViewController.swift */ = {isa = PBXFileReference; lastKnownFileType = sourcecode.swift; path = TryMeViewController.swift; sourceTree = "<group>"; };
		E8215BF96E3DAAB7B609186C /* Pods-lipster-mobile.debug.xcconfig */ = {isa = PBXFileReference; includeInIndex = 1; lastKnownFileType = text.xcconfig; name = "Pods-lipster-mobile.debug.xcconfig"; path = "Target Support Files/Pods-lipster-mobile/Pods-lipster-mobile.debug.xcconfig"; sourceTree = "<group>"; };
/* End PBXFileReference section */

/* Begin PBXFrameworksBuildPhase section */
		30B36E7E221A6DDC001FD8EF /* Frameworks */ = {
			isa = PBXFrameworksBuildPhase;
			buildActionMask = 2147483647;
			files = (
				699EA1405C6A1EE0FCF54AB9 /* Pods_lipster_mobile.framework in Frameworks */,
			);
			runOnlyForDeploymentPostprocessing = 0;
		};
/* End PBXFrameworksBuildPhase section */

/* Begin PBXGroup section */
		3032BDD222F9271F009E325A /* Repository */ = {
			isa = PBXGroup;
			children = (
				3032BDD322F92755009E325A /* LipstickRepository.swift */,
				305C5CA122F93C34003725C8 /* UserRepository.swift */,
				30CAE25722FBDA38004513C1 /* TrendRepository.swift */,
			);
			path = Repository;
			sourceTree = "<group>";
		};
		30A532C52255AAE000205429 /* extension */ = {
			isa = PBXGroup;
			children = (
				30A532C62255AAF800205429 /* UIImageHelper.swift */,
				3071C13122573B560056EE74 /* UIColorHelper.swift */,
				3071C13322573BFE0056EE74 /* UIViewHelper.swift */,
				30694E3F226B4BE20091C698 /* StringHelper.swift */,
				308883C22276B11100CFE4D8 /* UIScrollViewHelper.swift */,
				304CFB6C228425D700AB8B0A /* UIImageViewHelper.swift */,
				30C78E972299B91D0032A965 /* UIUtilityHelper.swift */,
				305477CE229A57CC009E4090 /* UITextFieldHelper.swift */,
			);
			path = extension;
			sourceTree = "<group>";
		};
		30B36E78221A6DDC001FD8EF = {
			isa = PBXGroup;
			children = (
				30B36E83221A6DDC001FD8EF /* lipster-mobile */,
				30B36E82221A6DDC001FD8EF /* Products */,
				A415F209F71B6CF2EA33E851 /* Pods */,
				889722E715FF27223FAB1C95 /* Frameworks */,
			);
			sourceTree = "<group>";
		};
		30B36E82221A6DDC001FD8EF /* Products */ = {
			isa = PBXGroup;
			children = (
				30B36E81221A6DDC001FD8EF /* lipster-mobile.app */,
			);
			name = Products;
			sourceTree = "<group>";
		};
		30B36E83221A6DDC001FD8EF /* lipster-mobile */ = {
			isa = PBXGroup;
			children = (
				3032BDD222F9271F009E325A /* Repository */,
				304CFB6A2284243C00AB8B0A /* GoogleService-Info.plist */,
				30A532C52255AAE000205429 /* extension */,
				30B966EE224E06B400258CA6 /* model */,
				D863452B2242152D00AC0EA6 /* controller */,
				D863452C2242155000AC0EA6 /* view */,
				30B36E84221A6DDC001FD8EF /* AppDelegate.swift */,
				30B36E88221A6DDC001FD8EF /* Main.storyboard */,
				30B36E8D221A6DDD001FD8EF /* LaunchScreen.storyboard */,
				30B36E90221A6DDD001FD8EF /* Info.plist */,
				D81C6B5E227245BE009D05FD /* Assets.xcassets */,
			);
			path = "lipster-mobile";
			sourceTree = "<group>";
		};
		30B966EE224E06B400258CA6 /* model */ = {
			isa = PBXGroup;
			children = (
				D8D45F892242789400405AE7 /* Lipstick.swift */,
				D82675AC2253BE15001D8CB5 /* UserReview.swift */,
				30B966F1224E06F700258CA6 /* FaceDetection.swift */,
				D8E48D88226CC2C300A192EB /* Trend.swift */,
				D8E48D8E226DCE9300A192EB /* TrendGroup.swift */,
				30A889D9227196C600D00FCC /* Notification.swift */,
				30A889DD2271A7CC00D00FCC /* HttpRequest.swift */,
			);
			path = model;
			sourceTree = "<group>";
		};
		889722E715FF27223FAB1C95 /* Frameworks */ = {
			isa = PBXGroup;
			children = (
				77242E26FBCCCC2B2F27A3A2 /* Pods_lipster_mobile.framework */,
			);
			name = Frameworks;
			sourceTree = "<group>";
		};
		A415F209F71B6CF2EA33E851 /* Pods */ = {
			isa = PBXGroup;
			children = (
				E8215BF96E3DAAB7B609186C /* Pods-lipster-mobile.debug.xcconfig */,
				1380FF51DF891F687AA58B22 /* Pods-lipster-mobile.release.xcconfig */,
			);
			path = Pods;
			sourceTree = "<group>";
		};
		D863452B2242152D00AC0EA6 /* controller */ = {
			isa = PBXGroup;
			children = (
				D81C6B5C22722D4E009D05FD /* LoginViewController.swift */,
				D8BA31BA224B898F00CD24A4 /* TabBarController.swift */,
				30B36E86221A6DDC001FD8EF /* LipstickListViewController.swift */,
				30B966EF224E06DE00258CA6 /* LipColorDetectionController.swift */,
				D8224AC8225C881600B7E403 /* LipstickDetailSegmentVC.swift */,
				D8EB4F3D22677FCD00CF9827 /* TryMeViewController.swift */,
				D8EA969A226986A80060B78A /* HomeViewController.swift */,
				D81A79A2226B010400D1F208 /* TrendDetailViewController.swift */,
				D81CCE54228592F30028C19A /* NearByViewController.swift */,
				D81CCE562285D8BB0028C19A /* NotificationViewController.swift */,
				D81CCE5A2285EBB50028C19A /* EditProfileViewController.swift */,
				D81CCE5E2285F1B80028C19A /* ProfileDetailsViewController.swift */,
				D83EFDEA22F9614400DAFC8B /* ProfileViewController.swift */,
				3071185622FC188300E25AF4 /* TrendListViewController.swift */,
			);
			path = controller;
			sourceTree = "<group>";
		};
		D863452C2242155000AC0EA6 /* view */ = {
			isa = PBXGroup;
			children = (
				D8E48D96226E0DA200A192EB /* SelectColorFromDetailCollectionViewCell.swift */,
				D8EA96A8226AE2AC0060B78A /* RecentlyViewHomeCollectionViewCell.swift */,
				D8EA96A62269E6300060B78A /* RecHomeCollectionViewCell.swift */,
				D8EA96A22269C5120060B78A /* TrendHomeCollectionViewCell.swift */,
				D8EB4F3B22677DC100CF9827 /* LipSelectedColorCollectionViewCell.swift */,
				D8D45F8B224278B900405AE7 /* LipstickListTableViewCell.swift */,
				D82675AE2253BE74001D8CB5 /* UserReviewTableViewCell.swift */,
				D8E48D92226DD7C600A192EB /* TrendGroupTableViewCell.swift */,
				D8E48D94226DE0A200A192EB /* TrendImageCollectionViewCell.swift */,
				3073907C227C2766003B9013 /* TriangleView.swift */,
				D81CCE582285DA4D0028C19A /* NotificationTableViewCell.swift */,
				D81CCE5C2285ED2C0028C19A /* ProfileTableViewCell.swift */,
				D81CCE602285FA1D0028C19A /* EditProfileImageView.swift */,
				30424ACC22990B97005D2E2C /* PreviewMaskLayer.swift */,
				3071185822FC1BAC00E25AF4 /* TrendGroupCollectionViewCell.swift */,
			);
			path = view;
			sourceTree = "<group>";
		};
/* End PBXGroup section */

/* Begin PBXNativeTarget section */
		30B36E80221A6DDC001FD8EF /* lipster-mobile */ = {
			isa = PBXNativeTarget;
			buildConfigurationList = 30B36E93221A6DDD001FD8EF /* Build configuration list for PBXNativeTarget "lipster-mobile" */;
			buildPhases = (
				6BB3269E49BC69DAAD854C2F /* [CP] Check Pods Manifest.lock */,
				30B36E7D221A6DDC001FD8EF /* Sources */,
				30B36E7E221A6DDC001FD8EF /* Frameworks */,
				30B36E7F221A6DDC001FD8EF /* Resources */,
				30B96714224E205100258CA6 /* Embed Frameworks */,
				D0AE93C3E8E0189E6B3B8304 /* [CP] Embed Pods Frameworks */,
				5C5C89C713CF2844DA02DFC1 /* [CP] Copy Pods Resources */,
			);
			buildRules = (
			);
			dependencies = (
			);
			name = "lipster-mobile";
			productName = "lipster-mobile";
			productReference = 30B36E81221A6DDC001FD8EF /* lipster-mobile.app */;
			productType = "com.apple.product-type.application";
		};
/* End PBXNativeTarget section */

/* Begin PBXProject section */
		30B36E79221A6DDC001FD8EF /* Project object */ = {
			isa = PBXProject;
			attributes = {
				LastSwiftUpdateCheck = 1010;
				LastUpgradeCheck = 1010;
				ORGANIZATIONNAME = Bank;
				TargetAttributes = {
					30B36E80221A6DDC001FD8EF = {
						CreatedOnToolsVersion = 10.1;
						LastSwiftMigration = 1020;
					};
				};
			};
			buildConfigurationList = 30B36E7C221A6DDC001FD8EF /* Build configuration list for PBXProject "lipster-mobile" */;
			compatibilityVersion = "Xcode 9.3";
			developmentRegion = en;
			hasScannedForEncodings = 0;
			knownRegions = (
				en,
				Base,
			);
			mainGroup = 30B36E78221A6DDC001FD8EF;
			productRefGroup = 30B36E82221A6DDC001FD8EF /* Products */;
			projectDirPath = "";
			projectRoot = "";
			targets = (
				30B36E80221A6DDC001FD8EF /* lipster-mobile */,
			);
		};
/* End PBXProject section */

/* Begin PBXResourcesBuildPhase section */
		30B36E7F221A6DDC001FD8EF /* Resources */ = {
			isa = PBXResourcesBuildPhase;
			buildActionMask = 2147483647;
			files = (
				30B36E8F221A6DDD001FD8EF /* LaunchScreen.storyboard in Resources */,
				304CFB6B2284243C00AB8B0A /* GoogleService-Info.plist in Resources */,
				D81C6B5F227245C0009D05FD /* Assets.xcassets in Resources */,
				30B36E8A221A6DDC001FD8EF /* Main.storyboard in Resources */,
			);
			runOnlyForDeploymentPostprocessing = 0;
		};
/* End PBXResourcesBuildPhase section */

/* Begin PBXShellScriptBuildPhase section */
		5C5C89C713CF2844DA02DFC1 /* [CP] Copy Pods Resources */ = {
			isa = PBXShellScriptBuildPhase;
			buildActionMask = 2147483647;
			files = (
			);
			inputFileListPaths = (
			);
			inputPaths = (
				"${PODS_ROOT}/Target Support Files/Pods-lipster-mobile/Pods-lipster-mobile-resources.sh",
				"${PODS_CONFIGURATION_BUILD_DIR}/GoogleMobileVision/GoogleMVFaceDetectorResources.bundle",
			);
			name = "[CP] Copy Pods Resources";
			outputFileListPaths = (
			);
			outputPaths = (
				"${TARGET_BUILD_DIR}/${UNLOCALIZED_RESOURCES_FOLDER_PATH}/GoogleMVFaceDetectorResources.bundle",
			);
			runOnlyForDeploymentPostprocessing = 0;
			shellPath = /bin/sh;
			shellScript = "\"${PODS_ROOT}/Target Support Files/Pods-lipster-mobile/Pods-lipster-mobile-resources.sh\"\n";
			showEnvVarsInLog = 0;
		};
		6BB3269E49BC69DAAD854C2F /* [CP] Check Pods Manifest.lock */ = {
			isa = PBXShellScriptBuildPhase;
			buildActionMask = 2147483647;
			files = (
			);
			inputFileListPaths = (
			);
			inputPaths = (
				"${PODS_PODFILE_DIR_PATH}/Podfile.lock",
				"${PODS_ROOT}/Manifest.lock",
			);
			name = "[CP] Check Pods Manifest.lock";
			outputFileListPaths = (
			);
			outputPaths = (
				"$(DERIVED_FILE_DIR)/Pods-lipster-mobile-checkManifestLockResult.txt",
			);
			runOnlyForDeploymentPostprocessing = 0;
			shellPath = /bin/sh;
			shellScript = "diff \"${PODS_PODFILE_DIR_PATH}/Podfile.lock\" \"${PODS_ROOT}/Manifest.lock\" > /dev/null\nif [ $? != 0 ] ; then\n    # print error to STDERR\n    echo \"error: The sandbox is not in sync with the Podfile.lock. Run 'pod install' or update your CocoaPods installation.\" >&2\n    exit 1\nfi\n# This output is used by Xcode 'outputs' to avoid re-running this script phase.\necho \"SUCCESS\" > \"${SCRIPT_OUTPUT_FILE_0}\"\n";
			showEnvVarsInLog = 0;
		};
		D0AE93C3E8E0189E6B3B8304 /* [CP] Embed Pods Frameworks */ = {
			isa = PBXShellScriptBuildPhase;
			buildActionMask = 2147483647;
			files = (
			);
			inputFileListPaths = (
			);
			inputPaths = (
				"${PODS_ROOT}/Target Support Files/Pods-lipster-mobile/Pods-lipster-mobile-frameworks.sh",
				"${BUILT_PRODUCTS_DIR}/Alamofire/Alamofire.framework",
				"${BUILT_PRODUCTS_DIR}/CHTCollectionViewWaterfallLayout/CHTCollectionViewWaterfallLayout.framework",
				"${BUILT_PRODUCTS_DIR}/FlexiblePageControl/FlexiblePageControl.framework",
				"${BUILT_PRODUCTS_DIR}/GTMSessionFetcher/GTMSessionFetcher.framework",
				"${BUILT_PRODUCTS_DIR}/GoogleAPIClientForREST/GoogleAPIClientForREST.framework",
				"${BUILT_PRODUCTS_DIR}/GoogleToolboxForMac/GoogleToolboxForMac.framework",
				"${BUILT_PRODUCTS_DIR}/GoogleUtilities/GoogleUtilities.framework",
				"${BUILT_PRODUCTS_DIR}/ImagePicker/ImagePicker.framework",
				"${BUILT_PRODUCTS_DIR}/PickerButton/PickerButton.framework",
				"${BUILT_PRODUCTS_DIR}/Protobuf/Protobuf.framework",
				"${BUILT_PRODUCTS_DIR}/QuickLayout/QuickLayout.framework",
				"${BUILT_PRODUCTS_DIR}/ReactiveCocoa/ReactiveCocoa.framework",
				"${BUILT_PRODUCTS_DIR}/ReactiveSwift/ReactiveSwift.framework",
				"${BUILT_PRODUCTS_DIR}/Result/Result.framework",
				"${BUILT_PRODUCTS_DIR}/SDWebImage/SDWebImage.framework",
				"${BUILT_PRODUCTS_DIR}/SwiftEntryKit/SwiftEntryKit.framework",
				"${BUILT_PRODUCTS_DIR}/SwiftSpinner/SwiftSpinner.framework",
				"${BUILT_PRODUCTS_DIR}/SwiftyJSON/SwiftyJSON.framework",
				"${BUILT_PRODUCTS_DIR}/nanopb/nanopb.framework",
			);
			name = "[CP] Embed Pods Frameworks";
			outputFileListPaths = (
			);
			outputPaths = (
				"${TARGET_BUILD_DIR}/${FRAMEWORKS_FOLDER_PATH}/Alamofire.framework",
				"${TARGET_BUILD_DIR}/${FRAMEWORKS_FOLDER_PATH}/CHTCollectionViewWaterfallLayout.framework",
				"${TARGET_BUILD_DIR}/${FRAMEWORKS_FOLDER_PATH}/FlexiblePageControl.framework",
				"${TARGET_BUILD_DIR}/${FRAMEWORKS_FOLDER_PATH}/GTMSessionFetcher.framework",
				"${TARGET_BUILD_DIR}/${FRAMEWORKS_FOLDER_PATH}/GoogleAPIClientForREST.framework",
				"${TARGET_BUILD_DIR}/${FRAMEWORKS_FOLDER_PATH}/GoogleToolboxForMac.framework",
				"${TARGET_BUILD_DIR}/${FRAMEWORKS_FOLDER_PATH}/GoogleUtilities.framework",
				"${TARGET_BUILD_DIR}/${FRAMEWORKS_FOLDER_PATH}/ImagePicker.framework",
				"${TARGET_BUILD_DIR}/${FRAMEWORKS_FOLDER_PATH}/PickerButton.framework",
				"${TARGET_BUILD_DIR}/${FRAMEWORKS_FOLDER_PATH}/Protobuf.framework",
				"${TARGET_BUILD_DIR}/${FRAMEWORKS_FOLDER_PATH}/QuickLayout.framework",
				"${TARGET_BUILD_DIR}/${FRAMEWORKS_FOLDER_PATH}/ReactiveCocoa.framework",
				"${TARGET_BUILD_DIR}/${FRAMEWORKS_FOLDER_PATH}/ReactiveSwift.framework",
				"${TARGET_BUILD_DIR}/${FRAMEWORKS_FOLDER_PATH}/Result.framework",
				"${TARGET_BUILD_DIR}/${FRAMEWORKS_FOLDER_PATH}/SDWebImage.framework",
				"${TARGET_BUILD_DIR}/${FRAMEWORKS_FOLDER_PATH}/SwiftEntryKit.framework",
				"${TARGET_BUILD_DIR}/${FRAMEWORKS_FOLDER_PATH}/SwiftSpinner.framework",
				"${TARGET_BUILD_DIR}/${FRAMEWORKS_FOLDER_PATH}/SwiftyJSON.framework",
				"${TARGET_BUILD_DIR}/${FRAMEWORKS_FOLDER_PATH}/nanopb.framework",
			);
			runOnlyForDeploymentPostprocessing = 0;
			shellPath = /bin/sh;
			shellScript = "\"${PODS_ROOT}/Target Support Files/Pods-lipster-mobile/Pods-lipster-mobile-frameworks.sh\"\n";
			showEnvVarsInLog = 0;
		};
/* End PBXShellScriptBuildPhase section */

/* Begin PBXSourcesBuildPhase section */
		30B36E7D221A6DDC001FD8EF /* Sources */ = {
			isa = PBXSourcesBuildPhase;
			buildActionMask = 2147483647;
			files = (
				D82675AF2253BE74001D8CB5 /* UserReviewTableViewCell.swift in Sources */,
				D8EB4F3C22677DC200CF9827 /* LipSelectedColorCollectionViewCell.swift in Sources */,
				D8E48D95226DE0A200A192EB /* TrendImageCollectionViewCell.swift in Sources */,
				3071C13222573B560056EE74 /* UIColorHelper.swift in Sources */,
				D8EA969B226986A80060B78A /* HomeViewController.swift in Sources */,
				D8D45F8C224278B900405AE7 /* LipstickListTableViewCell.swift in Sources */,
				D8EB4F3E22677FCD00CF9827 /* TryMeViewController.swift in Sources */,
				30424ACD22990B97005D2E2C /* PreviewMaskLayer.swift in Sources */,
				30A889DE2271A7CC00D00FCC /* HttpRequest.swift in Sources */,
				3071185722FC188300E25AF4 /* TrendListViewController.swift in Sources */,
				D81CCE55228592F30028C19A /* NearByViewController.swift in Sources */,
				D8E48D8F226DCE9300A192EB /* TrendGroup.swift in Sources */,
				D82675AD2253BE15001D8CB5 /* UserReview.swift in Sources */,
				D8E48D93226DD7C600A192EB /* TrendGroupTableViewCell.swift in Sources */,
				30B36E87221A6DDC001FD8EF /* LipstickListViewController.swift in Sources */,
				D81CCE5D2285ED2C0028C19A /* ProfileTableViewCell.swift in Sources */,
				30C78E982299B91D0032A965 /* UIUtilityHelper.swift in Sources */,
				D81A79A3226B010400D1F208 /* TrendDetailViewController.swift in Sources */,
				D8E48D97226E0DA200A192EB /* SelectColorFromDetailCollectionViewCell.swift in Sources */,
				D8BA31BB224B898F00CD24A4 /* TabBarController.swift in Sources */,
				30B966F2224E06F700258CA6 /* FaceDetection.swift in Sources */,
				D8EA96A32269C5120060B78A /* TrendHomeCollectionViewCell.swift in Sources */,
				D8EA96A9226AE2AC0060B78A /* RecentlyViewHomeCollectionViewCell.swift in Sources */,
				D8224AC9225C881600B7E403 /* LipstickDetailSegmentVC.swift in Sources */,
				30A889DA227196C600D00FCC /* Notification.swift in Sources */,
				D8E48D89226CC2C300A192EB /* Trend.swift in Sources */,
				30694E40226B4BE20091C698 /* StringHelper.swift in Sources */,
				3071C13422573BFE0056EE74 /* UIViewHelper.swift in Sources */,
				308883C32276B11100CFE4D8 /* UIScrollViewHelper.swift in Sources */,
				304CFB6D228425D700AB8B0A /* UIImageViewHelper.swift in Sources */,
				D81C6B5D22722D4E009D05FD /* LoginViewController.swift in Sources */,
				305477CF229A57CC009E4090 /* UITextFieldHelper.swift in Sources */,
				D8D45F8A2242789400405AE7 /* Lipstick.swift in Sources */,
				30B36E85221A6DDC001FD8EF /* AppDelegate.swift in Sources */,
				30B966F0224E06DE00258CA6 /* LipColorDetectionController.swift in Sources */,
				D8EA96A72269E6300060B78A /* RecHomeCollectionViewCell.swift in Sources */,
				D81CCE572285D8BB0028C19A /* NotificationViewController.swift in Sources */,
				D81CCE5B2285EBB50028C19A /* EditProfileViewController.swift in Sources */,
				3071185922FC1BAC00E25AF4 /* TrendGroupCollectionViewCell.swift in Sources */,
				D83EFDEB22F9614400DAFC8B /* ProfileViewController.swift in Sources */,
				305C5CA222F93C34003725C8 /* UserRepository.swift in Sources */,
				D81CCE592285DA4D0028C19A /* NotificationTableViewCell.swift in Sources */,
				D81CCE5F2285F1B80028C19A /* ProfileDetailsViewController.swift in Sources */,
				30A532C72255AAF800205429 /* UIImageHelper.swift in Sources */,
				3073907D227C2766003B9013 /* TriangleView.swift in Sources */,
				3032BDD422F92755009E325A /* LipstickRepository.swift in Sources */,
				30CAE25822FBDA38004513C1 /* TrendRepository.swift in Sources */,
				D81CCE612285FA1D0028C19A /* EditProfileImageView.swift in Sources */,
			);
			runOnlyForDeploymentPostprocessing = 0;
		};
/* End PBXSourcesBuildPhase section */

/* Begin PBXVariantGroup section */
		30B36E88221A6DDC001FD8EF /* Main.storyboard */ = {
			isa = PBXVariantGroup;
			children = (
				30B36E89221A6DDC001FD8EF /* Base */,
			);
			name = Main.storyboard;
			sourceTree = "<group>";
		};
		30B36E8D221A6DDD001FD8EF /* LaunchScreen.storyboard */ = {
			isa = PBXVariantGroup;
			children = (
				30B36E8E221A6DDD001FD8EF /* Base */,
			);
			name = LaunchScreen.storyboard;
			sourceTree = "<group>";
		};
/* End PBXVariantGroup section */

/* Begin XCBuildConfiguration section */
		30B36E91221A6DDD001FD8EF /* Debug */ = {
			isa = XCBuildConfiguration;
			buildSettings = {
				ALWAYS_SEARCH_USER_PATHS = NO;
				CLANG_ANALYZER_NONNULL = YES;
				CLANG_ANALYZER_NUMBER_OBJECT_CONVERSION = YES_AGGRESSIVE;
				CLANG_CXX_LANGUAGE_STANDARD = "gnu++14";
				CLANG_CXX_LIBRARY = "libc++";
				CLANG_ENABLE_MODULES = YES;
				CLANG_ENABLE_OBJC_ARC = YES;
				CLANG_ENABLE_OBJC_WEAK = YES;
				CLANG_WARN_BLOCK_CAPTURE_AUTORELEASING = YES;
				CLANG_WARN_BOOL_CONVERSION = YES;
				CLANG_WARN_COMMA = YES;
				CLANG_WARN_CONSTANT_CONVERSION = YES;
				CLANG_WARN_DEPRECATED_OBJC_IMPLEMENTATIONS = YES;
				CLANG_WARN_DIRECT_OBJC_ISA_USAGE = YES_ERROR;
				CLANG_WARN_DOCUMENTATION_COMMENTS = YES;
				CLANG_WARN_EMPTY_BODY = YES;
				CLANG_WARN_ENUM_CONVERSION = YES;
				CLANG_WARN_INFINITE_RECURSION = YES;
				CLANG_WARN_INT_CONVERSION = YES;
				CLANG_WARN_NON_LITERAL_NULL_CONVERSION = YES;
				CLANG_WARN_OBJC_IMPLICIT_RETAIN_SELF = YES;
				CLANG_WARN_OBJC_LITERAL_CONVERSION = YES;
				CLANG_WARN_OBJC_ROOT_CLASS = YES_ERROR;
				CLANG_WARN_RANGE_LOOP_ANALYSIS = YES;
				CLANG_WARN_STRICT_PROTOTYPES = YES;
				CLANG_WARN_SUSPICIOUS_MOVE = YES;
				CLANG_WARN_UNGUARDED_AVAILABILITY = YES_AGGRESSIVE;
				CLANG_WARN_UNREACHABLE_CODE = YES;
				CLANG_WARN__DUPLICATE_METHOD_MATCH = YES;
				CODE_SIGN_IDENTITY = "iPhone Developer";
				COPY_PHASE_STRIP = NO;
				DEBUG_INFORMATION_FORMAT = dwarf;
				ENABLE_STRICT_OBJC_MSGSEND = YES;
				ENABLE_TESTABILITY = YES;
				GCC_C_LANGUAGE_STANDARD = gnu11;
				GCC_DYNAMIC_NO_PIC = NO;
				GCC_NO_COMMON_BLOCKS = YES;
				GCC_OPTIMIZATION_LEVEL = 0;
				GCC_PREPROCESSOR_DEFINITIONS = (
					"DEBUG=1",
					"$(inherited)",
				);
				GCC_WARN_64_TO_32_BIT_CONVERSION = YES;
				GCC_WARN_ABOUT_RETURN_TYPE = YES_ERROR;
				GCC_WARN_UNDECLARED_SELECTOR = YES;
				GCC_WARN_UNINITIALIZED_AUTOS = YES_AGGRESSIVE;
				GCC_WARN_UNUSED_FUNCTION = YES;
				GCC_WARN_UNUSED_VARIABLE = YES;
				IPHONEOS_DEPLOYMENT_TARGET = 12.1;
				MTL_ENABLE_DEBUG_INFO = INCLUDE_SOURCE;
				MTL_FAST_MATH = YES;
				ONLY_ACTIVE_ARCH = YES;
				SDKROOT = iphoneos;
				SWIFT_ACTIVE_COMPILATION_CONDITIONS = DEBUG;
				SWIFT_OPTIMIZATION_LEVEL = "-Onone";
				SWIFT_VERSION = 4.2;
			};
			name = Debug;
		};
		30B36E92221A6DDD001FD8EF /* Release */ = {
			isa = XCBuildConfiguration;
			buildSettings = {
				ALWAYS_SEARCH_USER_PATHS = NO;
				CLANG_ANALYZER_NONNULL = YES;
				CLANG_ANALYZER_NUMBER_OBJECT_CONVERSION = YES_AGGRESSIVE;
				CLANG_CXX_LANGUAGE_STANDARD = "gnu++14";
				CLANG_CXX_LIBRARY = "libc++";
				CLANG_ENABLE_MODULES = YES;
				CLANG_ENABLE_OBJC_ARC = YES;
				CLANG_ENABLE_OBJC_WEAK = YES;
				CLANG_WARN_BLOCK_CAPTURE_AUTORELEASING = YES;
				CLANG_WARN_BOOL_CONVERSION = YES;
				CLANG_WARN_COMMA = YES;
				CLANG_WARN_CONSTANT_CONVERSION = YES;
				CLANG_WARN_DEPRECATED_OBJC_IMPLEMENTATIONS = YES;
				CLANG_WARN_DIRECT_OBJC_ISA_USAGE = YES_ERROR;
				CLANG_WARN_DOCUMENTATION_COMMENTS = YES;
				CLANG_WARN_EMPTY_BODY = YES;
				CLANG_WARN_ENUM_CONVERSION = YES;
				CLANG_WARN_INFINITE_RECURSION = YES;
				CLANG_WARN_INT_CONVERSION = YES;
				CLANG_WARN_NON_LITERAL_NULL_CONVERSION = YES;
				CLANG_WARN_OBJC_IMPLICIT_RETAIN_SELF = YES;
				CLANG_WARN_OBJC_LITERAL_CONVERSION = YES;
				CLANG_WARN_OBJC_ROOT_CLASS = YES_ERROR;
				CLANG_WARN_RANGE_LOOP_ANALYSIS = YES;
				CLANG_WARN_STRICT_PROTOTYPES = YES;
				CLANG_WARN_SUSPICIOUS_MOVE = YES;
				CLANG_WARN_UNGUARDED_AVAILABILITY = YES_AGGRESSIVE;
				CLANG_WARN_UNREACHABLE_CODE = YES;
				CLANG_WARN__DUPLICATE_METHOD_MATCH = YES;
				CODE_SIGN_IDENTITY = "iPhone Developer";
				COPY_PHASE_STRIP = NO;
				DEBUG_INFORMATION_FORMAT = "dwarf-with-dsym";
				ENABLE_NS_ASSERTIONS = NO;
				ENABLE_STRICT_OBJC_MSGSEND = YES;
				GCC_C_LANGUAGE_STANDARD = gnu11;
				GCC_NO_COMMON_BLOCKS = YES;
				GCC_WARN_64_TO_32_BIT_CONVERSION = YES;
				GCC_WARN_ABOUT_RETURN_TYPE = YES_ERROR;
				GCC_WARN_UNDECLARED_SELECTOR = YES;
				GCC_WARN_UNINITIALIZED_AUTOS = YES_AGGRESSIVE;
				GCC_WARN_UNUSED_FUNCTION = YES;
				GCC_WARN_UNUSED_VARIABLE = YES;
				IPHONEOS_DEPLOYMENT_TARGET = 12.1;
				MTL_ENABLE_DEBUG_INFO = NO;
				MTL_FAST_MATH = YES;
				SDKROOT = iphoneos;
				SWIFT_COMPILATION_MODE = wholemodule;
				SWIFT_OPTIMIZATION_LEVEL = "-O";
				SWIFT_VERSION = 4.2;
				VALIDATE_PRODUCT = YES;
			};
			name = Release;
		};
		30B36E94221A6DDD001FD8EF /* Debug */ = {
			isa = XCBuildConfiguration;
			baseConfigurationReference = E8215BF96E3DAAB7B609186C /* Pods-lipster-mobile.debug.xcconfig */;
			buildSettings = {
				ALWAYS_EMBED_SWIFT_STANDARD_LIBRARIES = YES;
				ASSETCATALOG_COMPILER_APPICON_NAME = AppIcon;
				CODE_SIGN_IDENTITY = "iPhone Developer";
				CODE_SIGN_STYLE = Automatic;
				DEVELOPMENT_TEAM = 5WL8C79TUD;
				INFOPLIST_FILE = "lipster-mobile/Info.plist";
				IPHONEOS_DEPLOYMENT_TARGET = 11.0;
				LD_RUNPATH_SEARCH_PATHS = (
					"$(inherited)",
					"@executable_path/Frameworks",
				);
				PRODUCT_BUNDLE_IDENTIFIER = "com.anyong.lipster-mobile";
				PRODUCT_NAME = "$(TARGET_NAME)";
				PROVISIONING_PROFILE_SPECIFIER = "";
				SWIFT_VERSION = 4.2;
				TARGETED_DEVICE_FAMILY = "1,2";
			};
			name = Debug;
		};
		30B36E95221A6DDD001FD8EF /* Release */ = {
			isa = XCBuildConfiguration;
			baseConfigurationReference = 1380FF51DF891F687AA58B22 /* Pods-lipster-mobile.release.xcconfig */;
			buildSettings = {
				ALWAYS_EMBED_SWIFT_STANDARD_LIBRARIES = YES;
				ASSETCATALOG_COMPILER_APPICON_NAME = AppIcon;
				CODE_SIGN_IDENTITY = "iPhone Developer";
				CODE_SIGN_STYLE = Automatic;
				DEVELOPMENT_TEAM = 5WL8C79TUD;
				INFOPLIST_FILE = "lipster-mobile/Info.plist";
				IPHONEOS_DEPLOYMENT_TARGET = 11.0;
				LD_RUNPATH_SEARCH_PATHS = (
					"$(inherited)",
					"@executable_path/Frameworks",
				);
				PRODUCT_BUNDLE_IDENTIFIER = "com.anyong.lipster-mobile";
				PRODUCT_NAME = "$(TARGET_NAME)";
				PROVISIONING_PROFILE_SPECIFIER = "";
				SWIFT_VERSION = 4.2;
				TARGETED_DEVICE_FAMILY = "1,2";
			};
			name = Release;
		};
/* End XCBuildConfiguration section */

/* Begin XCConfigurationList section */
		30B36E7C221A6DDC001FD8EF /* Build configuration list for PBXProject "lipster-mobile" */ = {
			isa = XCConfigurationList;
			buildConfigurations = (
				30B36E91221A6DDD001FD8EF /* Debug */,
				30B36E92221A6DDD001FD8EF /* Release */,
			);
			defaultConfigurationIsVisible = 0;
			defaultConfigurationName = Release;
		};
		30B36E93221A6DDD001FD8EF /* Build configuration list for PBXNativeTarget "lipster-mobile" */ = {
			isa = XCConfigurationList;
			buildConfigurations = (
				30B36E94221A6DDD001FD8EF /* Debug */,
				30B36E95221A6DDD001FD8EF /* Release */,
			);
			defaultConfigurationIsVisible = 0;
			defaultConfigurationName = Release;
		};
/* End XCConfigurationList section */
	};
	rootObject = 30B36E79221A6DDC001FD8EF /* Project object */;
}
